{
  "name": "Bookmark-Telegram-Bot",
  "lockfileVersion": 3,
  "requires": true,
  "packages": {
    "": {
      "dependencies": {
        "@prisma/client": "^5.11.0",
        "dotenv": "^16.4.5",
        "grammy": "^1.21.1"
      },
      "devDependencies": {
        "@types/node": "^20.11.25",
        "prisma": "^5.11.0",
        "typescript": "^5.4.2"
      }
    },
    "node_modules/@grammyjs/types": {
      "version": "3.5.2",
      "resolved": "https://registry.npmjs.org/@grammyjs/types/-/types-3.5.2.tgz",
      "integrity": "sha512-KZlJcOdgD8N6SMIHWfwmb11L5/L2+rptWBxCexbzNCry/wfLXFFGFniyUrySnvFo+cWMxgy5GuImwY3mhUrP8g=="
    },
    "node_modules/@prisma/client": {
      "version": "5.11.0",
      "resolved": "https://registry.npmjs.org/@prisma/client/-/client-5.11.0.tgz",
      "integrity": "sha512-SWshvS5FDXvgJKM/a0y9nDC1rqd7KG0Q6ZVzd+U7ZXK5soe73DJxJJgbNBt2GNXOa+ysWB4suTpdK5zfFPhwiw==",
      "hasInstallScript": true,
      "engines": {
        "node": ">=16.13"
      },
      "peerDependencies": {
        "prisma": "*"
      },
      "peerDependenciesMeta": {
        "prisma": {
          "optional": true
        }
      }
    },
    "node_modules/@prisma/debug": {
      "version": "5.11.0",
      "resolved": "https://registry.npmjs.org/@prisma/debug/-/debug-5.11.0.tgz",
      "integrity": "sha512-N6yYr3AbQqaiUg+OgjkdPp3KPW1vMTAgtKX6+BiB/qB2i1TjLYCrweKcUjzOoRM5BriA4idrkTej9A9QqTfl3A==",
      "devOptional": true
    },
    "node_modules/@prisma/engines": {
      "version": "5.11.0",
      "resolved": "https://registry.npmjs.org/@prisma/engines/-/engines-5.11.0.tgz",
      "integrity": "sha512-gbrpQoBTYWXDRqD+iTYMirDlF9MMlQdxskQXbhARhG6A/uFQjB7DZMYocMQLoiZXO/IskfDOZpPoZE8TBQKtEw==",
      "devOptional": true,
      "hasInstallScript": true,
      "dependencies": {
        "@prisma/debug": "5.11.0",
        "@prisma/engines-version": "5.11.0-15.efd2449663b3d73d637ea1fd226bafbcf45b3102",
        "@prisma/fetch-engine": "5.11.0",
        "@prisma/get-platform": "5.11.0"
      }
    },
    "node_modules/@prisma/engines-version": {
      "version": "5.11.0-15.efd2449663b3d73d637ea1fd226bafbcf45b3102",
      "resolved": "https://registry.npmjs.org/@prisma/engines-version/-/engines-version-5.11.0-15.efd2449663b3d73d637ea1fd226bafbcf45b3102.tgz",
      "integrity": "sha512-WXCuyoymvrS4zLz4wQagSsc3/nE6CHy8znyiMv8RKazKymOMd5o9FP5RGwGHAtgoxd+aB/BWqxuP/Ckfu7/3MA==",
      "devOptional": true
    },
    "node_modules/@prisma/fetch-engine": {
      "version": "5.11.0",
      "resolved": "https://registry.npmjs.org/@prisma/fetch-engine/-/fetch-engine-5.11.0.tgz",
      "integrity": "sha512-994viazmHTJ1ymzvWugXod7dZ42T2ROeFuH6zHPcUfp/69+6cl5r9u3NFb6bW8lLdNjwLYEVPeu3hWzxpZeC0w==",
      "devOptional": true,
      "dependencies": {
        "@prisma/debug": "5.11.0",
        "@prisma/engines-version": "5.11.0-15.efd2449663b3d73d637ea1fd226bafbcf45b3102",
        "@prisma/get-platform": "5.11.0"
      }
    },
    "node_modules/@prisma/get-platform": {
      "version": "5.11.0",
      "resolved": "https://registry.npmjs.org/@prisma/get-platform/-/get-platform-5.11.0.tgz",
      "integrity": "sha512-rxtHpMLxNTHxqWuGOLzR2QOyQi79rK1u1XYAVLZxDGTLz/A+uoDnjz9veBFlicrpWjwuieM4N6jcnjj/DDoidw==",
      "devOptional": true,
      "dependencies": {
        "@prisma/debug": "5.11.0"
      }
    },
    "node_modules/@types/node": {
      "version": "20.11.25",
      "resolved": "https://registry.npmjs.org/@types/node/-/node-20.11.25.tgz",
      "integrity": "sha512-TBHyJxk2b7HceLVGFcpAUjsa5zIdsPWlR6XHfyGzd0SFu+/NFgQgMAl96MSDZgQDvJAvV6BKsFOrt6zIL09JDw==",
      "dev": true,
      "dependencies": {
        "undici-types": "~5.26.4"
      }
    },
    "node_modules/abort-controller": {
      "version": "3.0.0",
      "resolved": "https://registry.npmjs.org/abort-controller/-/abort-controller-3.0.0.tgz",
      "integrity": "sha512-h8lQ8tacZYnR3vNQTgibj+tODHI5/+l06Au2Pcriv/Gmet0eaj4TwWH41sO9wnHDiQsEj19q0drzdWdeAHtweg==",
      "dependencies": {
        "event-target-shim": "^5.0.0"
      },
      "engines": {
        "node": ">=6.5"
      }
    },
    "node_modules/debug": {
      "version": "4.3.4",
      "resolved": "https://registry.npmjs.org/debug/-/debug-4.3.4.tgz",
      "integrity": "sha512-PRWFHuSU3eDtQJPvnNY7Jcket1j0t5OuOsFzPPzsekD52Zl8qUfFIPEiswXqIvHWGVHOgX+7G/vCNNhehwxfkQ==",
      "dependencies": {
        "ms": "2.1.2"
      },
      "engines": {
        "node": ">=6.0"
      },
      "peerDependenciesMeta": {
        "supports-color": {
          "optional": true
        }
      }
    },
    "node_modules/dotenv": {
      "version": "16.4.5",
      "resolved": "https://registry.npmjs.org/dotenv/-/dotenv-16.4.5.tgz",
      "integrity": "sha512-ZmdL2rui+eB2YwhsWzjInR8LldtZHGDoQ1ugH85ppHKwpUHL7j7rN0Ti9NCnGiQbhaZ11FpR+7ao1dNsmduNUg==",
      "engines": {
        "node": ">=12"
      },
      "funding": {
        "url": "https://dotenvx.com"
      }
    },
    "node_modules/event-target-shim": {
      "version": "5.0.1",
      "resolved": "https://registry.npmjs.org/event-target-shim/-/event-target-shim-5.0.1.tgz",
      "integrity": "sha512-i/2XbnSz/uxRCU6+NdVJgKWDTM427+MqYbkQzD321DuCQJUqOuJKIA0IM2+W2xtYHdKOmZ4dR6fExsd4SXL+WQ==",
      "engines": {
        "node": ">=6"
      }
    },
    "node_modules/grammy": {
      "version": "1.21.1",
      "resolved": "https://registry.npmjs.org/grammy/-/grammy-1.21.1.tgz",
      "integrity": "sha512-gXHHU83yffHtxutuQlyefClFZN+3bZrmGXYcKVAE2R9SSNlnW9ohF4dC7omn6gHhBoZNRiRS4kumiFc12sal3A==",
      "dependencies": {
        "@grammyjs/types": "3.5.2",
        "abort-controller": "^3.0.0",
        "debug": "^4.3.4",
        "node-fetch": "^2.7.0"
      },
      "engines": {
        "node": "^12.20.0 || >=14.13.1"
      }
    },
    "node_modules/ms": {
      "version": "2.1.2",
      "resolved": "https://registry.npmjs.org/ms/-/ms-2.1.2.tgz",
      "integrity": "sha512-sGkPx+VjMtmA6MX27oA4FBFELFCZZ4S4XqeGOXCv68tT+jb3vk/RyaKWP0PTKyWtmLSM0b+adUTEvbs1PEaH2w=="
    },
    "node_modules/node-fetch": {
      "version": "2.7.0",
      "resolved": "https://registry.npmjs.org/node-fetch/-/node-fetch-2.7.0.tgz",
      "integrity": "sha512-c4FRfUm/dbcWZ7U+1Wq0AwCyFL+3nt2bEw05wfxSz+DWpWsitgmSgYmy2dQdWyKC1694ELPqMs/YzUSNozLt8A==",
      "dependencies": {
        "whatwg-url": "^5.0.0"
      },
      "engines": {
        "node": "4.x || >=6.0.0"
      },
      "peerDependencies": {
        "encoding": "^0.1.0"
      },
      "peerDependenciesMeta": {
        "encoding": {
          "optional": true
        }
      }
    },
    "node_modules/prisma": {
      "version": "5.11.0",
      "resolved": "https://registry.npmjs.org/prisma/-/prisma-5.11.0.tgz",
      "integrity": "sha512-KCLiug2cs0Je7kGkQBN9jDWoZ90ogE/kvZTUTgz2h94FEo8pczCkPH7fPNXkD1sGU7Yh65risGGD1HQ5DF3r3g==",
      "devOptional": true,
      "hasInstallScript": true,
      "dependencies": {
        "@prisma/engines": "5.11.0"
      },
      "bin": {
        "prisma": "build/index.js"
      },
      "engines": {
        "node": ">=16.13"
      }
    },
    "node_modules/tr46": {
      "version": "0.0.3",
      "resolved": "https://registry.npmjs.org/tr46/-/tr46-0.0.3.tgz",
      "integrity": "sha512-N3WMsuqV66lT30CrXNbEjx4GEwlow3v6rr4mCcv6prnfwhS01rkgyFdjPNBYd9br7LpXV1+Emh01fHnq2Gdgrw=="
    },
    "node_modules/typescript": {
      "version": "5.4.2",
      "resolved": "https://registry.npmjs.org/typescript/-/typescript-5.4.2.tgz",
      "integrity": "sha512-+2/g0Fds1ERlP6JsakQQDXjZdZMM+rqpamFZJEKh4kwTIn3iDkgKtby0CeNd5ATNZ4Ry1ax15TMx0W2V+miizQ==",
      "dev": true,
      "bin": {
        "tsc": "bin/tsc",
        "tsserver": "bin/tsserver"
      },
      "engines": {
        "node": ">=14.17"
      }
    },
    "node_modules/undici-types": {
      "version": "5.26.5",
      "resolved": "https://registry.npmjs.org/undici-types/-/undici-types-5.26.5.tgz",
      "integrity": "sha512-JlCMO+ehdEIKqlFxk6IfVoAUVmgz7cU7zD/h9XZ0qzeosSHmUJVOzSQvvYSYWXkFXC+IfLKSIffhv0sVZup6pA==",
      "dev": true
    },
    "node_modules/webidl-conversions": {
      "version": "3.0.1",
      "resolved": "https://registry.npmjs.org/webidl-conversions/-/webidl-conversions-3.0.1.tgz",
      "integrity": "sha512-2JAn3z8AR6rjK8Sm8orRC0h/bcl/DqL7tRPdGZ4I1CjdF+EaMLmYxBHyXuKL849eucPFhvBoxMsflfOb8kxaeQ=="
    },
    "node_modules/whatwg-url": {
      "version": "5.0.0",
      "resolved": "https://registry.npmjs.org/whatwg-url/-/whatwg-url-5.0.0.tgz",
      "integrity": "sha512-saE57nupxk6v3HY35+jzBwYa0rKSy0XR8JSxZPwgLr7ys0IBzhGviA1/TUGJLmSVqs8pb9AnvICXEuOHLprYTw==",
      "dependencies": {
        "tr46": "~0.0.3",
        "webidl-conversions": "^3.0.0"
      }
    }
  }
}
